Microsoft Visual Studio Solution File, Format Version 12.00
# Visual Studio Version 17
VisualStudioVersion = 17.5.2.0
MinimumVisualStudioVersion = 10.0.40219.1
Project("{FAE04EC0-301F-11D3-BF4B-00C04F79EFBC}") = "Navigation Between", "Navigation Between.csproj", "{0C72CF53-FF86-B527-64AE-F0315820E5D8}"
EndProject
Global
	GlobalSection(SolutionConfigurationPlatforms) = preSolution
		Debug|Any CPU = Debug|Any CPU
		Release|Any CPU = Release|Any CPU
	EndGlobalSection
	GlobalSection(ProjectConfigurationPlatforms) = postSolution
		{0C72CF53-FF86-B527-64AE-F0315820E5D8}.Debug|Any CPU.ActiveCfg = Debug|Any CPU
		{0C72CF53-FF86-B527-64AE-F0315820E5D8}.Debug|Any CPU.Build.0 = Debug|Any CPU
		{0C72CF53-FF86-B527-64AE-F0315820E5D8}.Release|Any CPU.ActiveCfg = Release|Any CPU
		{0C72CF53-FF86-B527-64AE-F0315820E5D8}.Release|Any CPU.Build.0 = Release|Any CPU
	EndGlobalSection
	GlobalSection(SolutionProperties) = preSolution
		HideSolutionNode = FALSE
	EndGlobalSection
	GlobalSection(ExtensibilityGlobals) = postSolution
		SolutionGuid = {0763146A-D0E5-475A-9BB7-5714502FAB01}
	EndGlobalSection
EndGlobal
